# THIS IS AN AUTOGENERATED FILE. DO NOT EDIT THIS FILE DIRECTLY.
# yarn lockfile v1


"antlr4@^4.7.2":
  "integrity" "sha512-vZA1xYufXLe3LX+ja9rIVxjRmILb1x3k7KYZHltRbfJtXjJ1DlFIqt+CbPYmghx0EuzY9DajiDw+MdyEt1qAsQ=="
  "resolved" "https://registry.npmmirror.com/antlr4/-/antlr4-4.7.2.tgz"
  "version" "4.7.2"
