{
  "name": "antlr4-sql-parser",
  "version": "1.0.0",
  "lockfileVersion": 2,
  "requires": true,
  "packages": {
    "": {
      "name": "antlr4-sql-parser",
      "version": "1.0.0",
      "license": "ISC",
      "dependencies": {
        "antlr4": "^4.12.0-beta.4"
      }
    },
    "node_modules/antlr4": {
      "version": "4.12.0-beta.4",
      "resolved": "https://mirrors.huaweicloud.com/repository/npm/antlr4/-/antlr4-4.12.0-beta.4.tgz",
      "integrity": "sha512-yslpX8ma+Xat1hDuevR5+XiyAQkvxgK77Znw2USb2ExJ3dk/K7a2IEm1B2zbOu48na4CD4uHqvCJz7qwyJaDcA==",
      "license": "BSD-3-Clause",
      "engines": {
        "node": ">=16"
      }
    }
  },
  "dependencies": {
    "antlr4": {
      "version": "4.12.0-beta.4",
      "resolved": "https://mirrors.huaweicloud.com/repository/npm/antlr4/-/antlr4-4.12.0-beta.4.tgz",
      "integrity": "sha512-yslpX8ma+Xat1hDuevR5+XiyAQkvxgK77Znw2USb2ExJ3dk/K7a2IEm1B2zbOu48na4CD4uHqvCJz7qwyJaDcA=="
    }
  }
}
